// !$*UTF8*$!
{
	archiveVersion = 1;
	classes = {
	};
	objectVersion = 46;
	objects = {

/* Begin PBXBuildFile section */
		BB8D27611487924200FCC2B2 /* Foundation.framework in Frameworks */ = {isa = PBXBuildFile; fileRef = BB8D27601487924200FCC2B2 /* Foundation.framework */; };
		BB8D2776148792E900FCC2B2 /* SVProgressHUD.h in Headers */ = {isa = PBXBuildFile; fileRef = BB8D2774148792E900FCC2B2 /* SVProgressHUD.h */; };
		BB8D2777148792E900FCC2B2 /* SVProgressHUD.m in Sources */ = {isa = PBXBuildFile; fileRef = BB8D2775148792E900FCC2B2 /* SVProgressHUD.m */; };
/* End PBXBuildFile section */

/* Begin PBXFileReference section */
		BB8D275D1487924200FCC2B2 /* libSVProgressHUD.a */ = {isa = PBXFileReference; explicitFileType = archive.ar; includeInIndex = 0; path = libSVProgressHUD.a; sourceTree = BUILT_PRODUCTS_DIR; };
		BB8D27601487924200FCC2B2 /* Foundation.framework */ = {isa = PBXFileReference; lastKnownFileType = wrapper.framework; name = Foundation.framework; path = System/Library/Frameworks/Foundation.framework; sourceTree = SDKROOT; };
		BB8D2773148792E900FCC2B2 /* SVProgressHUD.bundle */ = {isa = PBXFileReference; lastKnownFileType = "wrapper.plug-in"; path = SVProgressHUD.bundle; sourceTree = SOURCE_ROOT; };
		BB8D2774148792E900FCC2B2 /* SVProgressHUD.h */ = {isa = PBXFileReference; fileEncoding = 4; lastKnownFileType = sourcecode.c.h; path = SVProgressHUD.h; sourceTree = SOURCE_ROOT; };
		BB8D2775148792E900FCC2B2 /* SVProgressHUD.m */ = {isa = PBXFileReference; fileEncoding = 4; lastKnownFileType = sourcecode.c.objc; path = SVProgressHUD.m; sourceTree = SOURCE_ROOT; };
/* End PBXFileReference section */

/* Begin PBXFrameworksBuildPhase section */
		BB8D275A1487924200FCC2B2 /* Frameworks */ = {
			isa = PBXFrameworksBuildPhase;
			buildActionMask = 2147483647;
			files = (
				BB8D27611487924200FCC2B2 /* Foundation.framework in Frameworks */,
			);
			runOnlyForDeploymentPostprocessing = 0;
		};
/* End PBXFrameworksBuildPhase section */

/* Begin PBXGroup section */
		BB8D27521487924200FCC2B2 = {
			isa = PBXGroup;
			children = (
				BB8D27621487924200FCC2B2 /* SVProgressHUD */,
				BB8D275F1487924200FCC2B2 /* Frameworks */,
				BB8D275E1487924200FCC2B2 /* Products */,
			);
			sourceTree = "<group>";
		};
		BB8D275E1487924200FCC2B2 /* Products */ = {
			isa = PBXGroup;
			children = (
				BB8D275D1487924200FCC2B2 /* libSVProgressHUD.a */,
			);
			name = Products;
			sourceTree = "<group>";
		};
		BB8D275F1487924200FCC2B2 /* Frameworks */ = {
			isa = PBXGroup;
			children = (
				BB8D27601487924200FCC2B2 /* Foundation.framework */,
			);
			name = Frameworks;
			sourceTree = "<group>";
		};
		BB8D27621487924200FCC2B2 /* SVProgressHUD */ = {
			isa = PBXGroup;
			children = (
				BB8D2773148792E900FCC2B2 /* SVProgressHUD.bundle */,
				BB8D2774148792E900FCC2B2 /* SVProgressHUD.h */,
				BB8D2775148792E900FCC2B2 /* SVProgressHUD.m */,
			);
			path = SVProgressHUD;
			sourceTree = "<group>";
		};
/* End PBXGroup section */

/* Begin PBXHeadersBuildPhase section */
		BB8D275B1487924200FCC2B2 /* Headers */ = {
			isa = PBXHeadersBuildPhase;
			buildActionMask = 2147483647;
			files = (
				BB8D2776148792E900FCC2B2 /* SVProgressHUD.h in Headers */,
			);
			runOnlyForDeploymentPostprocessing = 0;
		};
/* End PBXHeadersBuildPhase section */

/* Begin PBXNativeTarget section */
		BB8D275C1487924200FCC2B2 /* SVProgressHUD */ = {
			isa = PBXNativeTarget;
			buildConfigurationList = BB8D276A1487924200FCC2B2 /* Build configuration list for PBXNativeTarget "SVProgressHUD" */;
			buildPhases = (
				BB8D27591487924200FCC2B2 /* Sources */,
				BB8D275A1487924200FCC2B2 /* Frameworks */,
				BB8D275B1487924200FCC2B2 /* Headers */,
			);
			buildRules = (
			);
			dependencies = (
			);
			name = SVProgressHUD;
			productName = SVProgressHUD;
			productReference = BB8D275D1487924200FCC2B2 /* libSVProgressHUD.a */;
			productType = "com.apple.product-type.library.static";
		};
/* End PBXNativeTarget section */

/* Begin PBXProject section */
		BB8D27541487924200FCC2B2 /* Project object */ = {
			isa = PBXProject;
			attributes = {
				LastUpgradeCheck = 0420;
			};
			buildConfigurationList = BB8D27571487924200FCC2B2 /* Build configuration list for PBXProject "SVProgressHUD" */;
			compatibilityVersion = "Xcode 3.2";
			developmentRegion = English;
			hasScannedForEncodings = 0;
			knownRegions = (
				en,
			);
			mainGroup = BB8D27521487924200FCC2B2;
			productRefGroup = BB8D275E1487924200FCC2B2 /* Products */;
			projectDirPath = "";
			projectRoot = "";
			targets = (
				BB8D275C1487924200FCC2B2 /* SVProgressHUD */,
			);
		};
/* End PBXProject section */

/* Begin PBXSourcesBuildPhase section */
		BB8D27591487924200FCC2B2 /* Sources */ = {
			isa = PBXSourcesBuildPhase;
			buildActionMask = 2147483647;
			files = (
				BB8D2777148792E900FCC2B2 /* SVProgressHUD.m in Sources */,
			);
			runOnlyForDeploymentPostprocessing = 0;
		};
/* End PBXSourcesBuildPhase section */

/* Begin XCBuildConfiguration section */
		BB8D27681487924200FCC2B2 /* Debug */ = {
			isa = XCBuildConfiguration;
			buildSettings = {
				ALWAYS_SEARCH_USER_PATHS = NO;
				ARCHS = "$(ARCHS_STANDARD_32_BIT)";
				CLANG_ENABLE_OBJC_ARC = YES;
				COPY_PHASE_STRIP = NO;
				GCC_C_LANGUAGE_STANDARD = gnu99;
				GCC_DYNAMIC_NO_PIC = NO;
				GCC_OPTIMIZATION_LEVEL = 0;
				GCC_PREPROCESSOR_DEFINITIONS = (
					"DEBUG=1",
					"$(inherited)",
				);
				GCC_SYMBOLS_PRIVATE_EXTERN = NO;
				GCC_VERSION = com.apple.compilers.llvm.clang.1_0;
				GCC_WARN_ABOUT_MISSING_PROTOTYPES = YES;
				GCC_WARN_ABOUT_RETURN_TYPE = YES;
				GCC_WARN_UNUSED_VARIABLE = YES;
				IPHONEOS_DEPLOYMENT_TARGET = 5.0;
				SDKROOT = iphoneos;
			};
			name = Debug;
		};
		BB8D27691487924200FCC2B2 /* Release */ = {
			isa = XCBuildConfiguration;
			buildSettings = {
				ALWAYS_SEARCH_USER_PATHS = NO;
				ARCHS = "$(ARCHS_STANDARD_32_BIT)";
				CLANG_ENABLE_OBJC_ARC = YES;
				COPY_PHASE_STRIP = YES;
				GCC_C_LANGUAGE_STANDARD = gnu99;
				GCC_VERSION = com.apple.compilers.llvm.clang.1_0;
				GCC_WARN_ABOUT_MISSING_PROTOTYPES = YES;
				GCC_WARN_ABOUT_RETURN_TYPE = YES;
				GCC_WARN_UNUSED_VARIABLE = YES;
				IPHONEOS_DEPLOYMENT_TARGET = 5.0;
				SDKROOT = iphoneos;
				VALIDATE_PRODUCT = YES;
			};
			name = Release;
		};
		BB8D276B1487924200FCC2B2 /* Debug */ = {
			isa = XCBuildConfiguration;
			buildSettings = {
				DSTROOT = /tmp/SVProgressHUD.dst;
				GCC_PRECOMPILE_PREFIX_HEADER = YES;
				GCC_PREFIX_HEADER = "";
				OTHER_LDFLAGS = "-ObjC";
				PRODUCT_NAME = "$(TARGET_NAME)";
				SKIP_INSTALL = YES;
			};
			name = Debug;
		};
		BB8D276C1487924200FCC2B2 /* Release */ = {
			isa = XCBuildConfiguration;
			buildSettings = {
				DSTROOT = /tmp/SVProgressHUD.dst;
				GCC_PRECOMPILE_PREFIX_HEADER = YES;
				GCC_PREFIX_HEADER = "";
				OTHER_LDFLAGS = "-ObjC";
				PRODUCT_NAME = "$(TARGET_NAME)";
				SKIP_INSTALL = YES;
			};
			name = Release;
		};
/* End XCBuildConfiguration section */

/* Begin XCConfigurationList section */
		BB8D27571487924200FCC2B2 /* Build configuration list for PBXProject "SVProgressHUD" */ = {
			isa = XCConfigurationList;
			buildConfigurations = (
				BB8D27681487924200FCC2B2 /* Debug */,
				BB8D27691487924200FCC2B2 /* Release */,
			);
			defaultConfigurationIsVisible = 0;
			defaultConfigurationName = Release;
		};
		BB8D276A1487924200FCC2B2 /* Build configuration list for PBXNativeTarget "SVProgressHUD" */ = {
			isa = XCConfigurationList;
			buildConfigurations = (
				BB8D276B1487924200FCC2B2 /* Debug */,
				BB8D276C1487924200FCC2B2 /* Release */,
			);
			defaultConfigurationIsVisible = 0;
			defaultConfigurationName = Release;
		};
/* End XCConfigurationList section */
	};
	rootObject = BB8D27541487924200FCC2B2 /* Project object */;
}
